
Microsoft Visual Studio Solution File, Format Version 12.00
# Visual Studio Version 16
VisualStudioVersion = 16.0.30907.101
MinimumVisualStudioVersion = 10.0.40219.1
Project("{FAE04EC0-301F-11D3-BF4B-00C04F79EFBC}") = "ECom", "ECom.csproj", "{3F59EEC8-09A5-4542-BD0B-72643583762C}"
EndProject
Global
	GlobalSection(SolutionConfigurationPlatforms) = preSolution
		Debug|Any CPU = Debug|Any CPU
		Release|Any CPU = Release|Any CPU
	EndGlobalSection
	GlobalSection(ProjectConfigurationPlatforms) = postSolution
		{3F59EEC8-09A5-4542-BD0B-72643583762C}.Debug|Any CPU.ActiveCfg = Debug|Any CPU
		{3F59EEC8-09A5-4542-BD0B-72643583762C}.Debug|Any CPU.Build.0 = Debug|Any CPU
		{3F59EEC8-09A5-4542-BD0B-72643583762C}.Release|Any CPU.ActiveCfg = Release|Any CPU
		{3F59EEC8-09A5-4542-BD0B-72643583762C}.Release|Any CPU.Build.0 = Release|Any CPU
	EndGlobalSection
	GlobalSection(SolutionProperties) = preSolution
		HideSolutionNode = FALSE
	EndGlobalSection
	GlobalSection(ExtensibilityGlobals) = postSolution
		SolutionGuid = {B8CF86F7-DA5A-44CD-A728-B3E36FA9B6CF}
	EndGlobalSection
EndGlobal
